{
  "name": "farhanAmin",
  "version": "1.0.1",
  "lockfileVersion": 2,
  "requires": true,
  "packages": {
    "": {
      "name": "farhanAmin",
      "version": "1.0.1",
      "license": "ISC",
      "dependencies": {
        "tugas_amin_update": "^1.0.2"
      }
    },
    "node_modules/tugas_amin_update": {
      "version": "1.0.2",
      "resolved": "https://registry.npmjs.org/tugas_amin_update/-/tugas_amin_update-1.0.2.tgz",
      "integrity": "sha512-J4kpENi7+MJ3b7f4BduOhKE+HanKV6W4l323VrShQYGtn7kzrEgMnFHBWr6IYwteyAskSE4cayz7GZXbzU94kg==",
      "dependencies": {
        "tugas_amin_update": "^1.0.0"
      }
    }
  },
  "dependencies": {
    "tugas_amin_update": {
      "version": "1.0.2",
      "resolved": "https://registry.npmjs.org/tugas_amin_update/-/tugas_amin_update-1.0.2.tgz",
      "integrity": "sha512-J4kpENi7+MJ3b7f4BduOhKE+HanKV6W4l323VrShQYGtn7kzrEgMnFHBWr6IYwteyAskSE4cayz7GZXbzU94kg==",
      "requires": {
        "tugas_amin_update": "^1.0.0"
      }
    }
  }
}
